// !$*UTF8*$!
{
	archiveVersion = 1;
	classes = {
	};
	objectVersion = 56;
	objects = {

/* Begin PBXBuildFile section */
		5A00A61829FFBE75002B2364 /* Storyteller.swift in Sources */ = {isa = PBXBuildFile; fileRef = 5A00A61729FFBE75002B2364 /* Storyteller.swift */; };
		5A041BDA29AE70D3002539CF /* Category.swift in Sources */ = {isa = PBXBuildFile; fileRef = 5A041BD929AE70D3002539CF /* Category.swift */; };
		5A0A426429A583340000EE64 /* Utils.swift in Sources */ = {isa = PBXBuildFile; fileRef = 5A0A426329A583340000EE64 /* Utils.swift */; };
		5A0F8A2129CA681B004FAB36 /* BookDetailsStackView.swift in Sources */ = {isa = PBXBuildFile; fileRef = 5A0F8A2029CA681B004FAB36 /* BookDetailsStackView.swift */; };
		5A1D2E4B29EF53530020C000 /* BottomSheetTableHeaderView.swift in Sources */ = {isa = PBXBuildFile; fileRef = 5A1D2E4A29EF53530020C000 /* BottomSheetTableHeaderView.swift */; };
		5A23BEF129D747B80038D132 /* AllTitlesViewController.swift in Sources */ = {isa = PBXBuildFile; fileRef = 5A23BEF029D747B80038D132 /* AllTitlesViewController.swift */; };
		5A23BEF329D7656F0038D132 /* AllTitlesSectionHeaderView.swift in Sources */ = {isa = PBXBuildFile; fileRef = 5A23BEF229D7656F0038D132 /* AllTitlesSectionHeaderView.swift */; };
		5A34351029BD005E00178CDA /* SearchResultsCollectionViewCell.swift in Sources */ = {isa = PBXBuildFile; fileRef = 5A34350F29BD005E00178CDA /* SearchResultsCollectionViewCell.swift */; };
		5A36E03C29B79C5C0096A032 /* SearchResultsViewController.swift in Sources */ = {isa = PBXBuildFile; fileRef = 5A36E03B29B79C5C0096A032 /* SearchResultsViewController.swift */; };
		5A36E04029B804430096A032 /* ScopeButtonsView.swift in Sources */ = {isa = PBXBuildFile; fileRef = 5A36E03F29B804430096A032 /* ScopeButtonsView.swift */; };
		5A37EB2129DD83710053F6A7 /* PopupButton.swift in Sources */ = {isa = PBXBuildFile; fileRef = 5A37EB2029DD83710053F6A7 /* PopupButton.swift */; };
		5A3DC17229CE05D5003A9315 /* BookOverviewStackView.swift in Sources */ = {isa = PBXBuildFile; fileRef = 5A3DC17129CE05D5003A9315 /* BookOverviewStackView.swift */; };
		5A4954EC29E58AAB0032B43B /* SaveBookButton.swift in Sources */ = {isa = PBXBuildFile; fileRef = 5A4954EB29E58AAB0032B43B /* SaveBookButton.swift */; };
		5A4B017E2A011A1B00228AC4 /* PagingCvViewController.swift in Sources */ = {isa = PBXBuildFile; fileRef = 5A4B017D2A011A1B00228AC4 /* PagingCvViewController.swift */; };
		5A4B01802A01281E00228AC4 /* BookshelfTableSectionHeaderView.swift in Sources */ = {isa = PBXBuildFile; fileRef = 5A4B017F2A01281E00228AC4 /* BookshelfTableSectionHeaderView.swift */; };
		5A50AD1A29CCDF1C00CCB9F4 /* ShowSeriesButtonContainer.swift in Sources */ = {isa = PBXBuildFile; fileRef = 5A50AD1929CCDF1C00CCB9F4 /* ShowSeriesButtonContainer.swift */; };
		5A52321629AC24F30058DD73 /* CategoryViewController.swift in Sources */ = {isa = PBXBuildFile; fileRef = 5A52321529AC24F30058DD73 /* CategoryViewController.swift */; };
		5A52321829AC30B30058DD73 /* BaseViewController.swift in Sources */ = {isa = PBXBuildFile; fileRef = 5A52321729AC30B30058DD73 /* BaseViewController.swift */; };
		5A54A5F229DC446D003BB8D4 /* StorytellerTableHeaderView.swift in Sources */ = {isa = PBXBuildFile; fileRef = 5A54A5F129DC446D003BB8D4 /* StorytellerTableHeaderView.swift */; };
		5A5A1FDB29D3235600AA08BB /* SeeMoreButton.swift in Sources */ = {isa = PBXBuildFile; fileRef = 5A5A1FDA29D3235600AA08BB /* SeeMoreButton.swift */; };
		5A5AE402299FB3D100FA4EDB /* WideButtonTableViewCell.swift in Sources */ = {isa = PBXBuildFile; fileRef = 5A5AE401299FB3D100FA4EDB /* WideButtonTableViewCell.swift */; };
		5A5AE406299FBA7E00FA4EDB /* Constants.swift in Sources */ = {isa = PBXBuildFile; fileRef = 5A5AE405299FBA7E00FA4EDB /* Constants.swift */; };
		5A5B878529C527AA001A7A64 /* SearchResultsNoImageTableViewCell.swift in Sources */ = {isa = PBXBuildFile; fileRef = 5A5B878429C527AA001A7A64 /* SearchResultsNoImageTableViewCell.swift */; };
		5A5B878929C52C45001A7A64 /* Tag.swift in Sources */ = {isa = PBXBuildFile; fileRef = 5A5B878829C52C45001A7A64 /* Tag.swift */; };
		5A5B878B29C52F2C001A7A64 /* Title.swift in Sources */ = {isa = PBXBuildFile; fileRef = 5A5B878A29C52F2C001A7A64 /* Title.swift */; };
		5A630F4E29D8BA5600A690EF /* FollowSeriesView.swift in Sources */ = {isa = PBXBuildFile; fileRef = 5A630F4D29D8BA5600A690EF /* FollowSeriesView.swift */; };
		5A8380B5299E7EAE00611543 /* TableViewCellWithCollection.swift in Sources */ = {isa = PBXBuildFile; fileRef = 5A8380B4299E7EAE00611543 /* TableViewCellWithCollection.swift */; };
		5A8380B7299E818800611543 /* BookCollectionViewCell.swift in Sources */ = {isa = PBXBuildFile; fileRef = 5A8380B6299E818800611543 /* BookCollectionViewCell.swift */; };
		5A8380BB299ED7E200611543 /* BadgeView.swift in Sources */ = {isa = PBXBuildFile; fileRef = 5A8380BA299ED7E200611543 /* BadgeView.swift */; };
		5A8497FB29D49B530047AB44 /* PlaySampleButton.swift in Sources */ = {isa = PBXBuildFile; fileRef = 5A8497FA29D49B530047AB44 /* PlaySampleButton.swift */; };
		5A8497FD29D4B4060047AB44 /* TagsView.swift in Sources */ = {isa = PBXBuildFile; fileRef = 5A8497FC29D4B4060047AB44 /* TagsView.swift */; };
		5A9B49E929B526550007C3AE /* TableViewCellWithHorzCvLargeCovers.swift in Sources */ = {isa = PBXBuildFile; fileRef = 5A9B49E829B526550007C3AE /* TableViewCellWithHorzCvLargeCovers.swift */; };
		5A9B49EB29B527970007C3AE /* LargeBookCollectionViewCell.swift in Sources */ = {isa = PBXBuildFile; fileRef = 5A9B49EA29B527970007C3AE /* LargeBookCollectionViewCell.swift */; };
		5AA8006429C8D21100198B8A /* SearchResultsSeriesTableViewCell.swift in Sources */ = {isa = PBXBuildFile; fileRef = 5AA8006329C8D21100198B8A /* SearchResultsSeriesTableViewCell.swift */; };
		5AA8006929C8DD5100198B8A /* SearchResultsTableViewCell.swift in Sources */ = {isa = PBXBuildFile; fileRef = 5AA8006829C8DD5100198B8A /* SearchResultsTableViewCell.swift */; };
		5AA8006B29C8EFDC00198B8A /* Series.swift in Sources */ = {isa = PBXBuildFile; fileRef = 5AA8006A29C8EFDC00198B8A /* Series.swift */; };
		5AA8006D29C8F2F700198B8A /* Language.swift in Sources */ = {isa = PBXBuildFile; fileRef = 5AA8006C29C8F2F700198B8A /* Language.swift */; };
		5AAA1AC229C33A6C00B22B7F /* SearchResultsSectionHeaderView.swift in Sources */ = {isa = PBXBuildFile; fileRef = 5AAA1AC129C33A6C00B22B7F /* SearchResultsSectionHeaderView.swift */; };
		5AAD76C229A17BD700EBC4FC /* SectionHeaderView.swift in Sources */ = {isa = PBXBuildFile; fileRef = 5AAD76C129A17BD700EBC4FC /* SectionHeaderView.swift */; };
		5AB1A29C29B3E32A001CC50A /* DimmedAnimationButton.swift in Sources */ = {isa = PBXBuildFile; fileRef = 5AB1A29B29B3E32A001CC50A /* DimmedAnimationButton.swift */; };
		5AB2CCC729B21C090048A4FB /* BookViewController.swift in Sources */ = {isa = PBXBuildFile; fileRef = 5AB2CCC629B21C090048A4FB /* BookViewController.swift */; };
		5AB2CCCE29B2437D0048A4FB /* PosterTableViewCell.swift in Sources */ = {isa = PBXBuildFile; fileRef = 5AB2CCCD29B2437D0048A4FB /* PosterTableViewCell.swift */; };
		5AB86E6129B1723B005122A6 /* Book.swift in Sources */ = {isa = PBXBuildFile; fileRef = 5AB86E6029B1723B005122A6 /* Book.swift */; };
		5AB9524429EF179B001EA8DA /* BottomSheetViewController.swift in Sources */ = {isa = PBXBuildFile; fileRef = 5AB9524329EF179B001EA8DA /* BottomSheetViewController.swift */; };
		5AB9524629EF1F06001EA8DA /* BottomSheetTableViewCell.swift in Sources */ = {isa = PBXBuildFile; fileRef = 5AB9524529EF1F06001EA8DA /* BottomSheetTableViewCell.swift */; };
		5ABBA38B299C09A700D0E0F4 /* AppDelegate.swift in Sources */ = {isa = PBXBuildFile; fileRef = 5ABBA38A299C09A700D0E0F4 /* AppDelegate.swift */; };
		5ABBA38D299C09A700D0E0F4 /* SceneDelegate.swift in Sources */ = {isa = PBXBuildFile; fileRef = 5ABBA38C299C09A700D0E0F4 /* SceneDelegate.swift */; };
		5ABBA38F299C09A700D0E0F4 /* HomeViewController.swift in Sources */ = {isa = PBXBuildFile; fileRef = 5ABBA38E299C09A700D0E0F4 /* HomeViewController.swift */; };
		5ABBA395299C09A700D0E0F4 /* StorytelClone.xcdatamodeld in Sources */ = {isa = PBXBuildFile; fileRef = 5ABBA393299C09A700D0E0F4 /* StorytelClone.xcdatamodeld */; };
		5ABBA397299C09A800D0E0F4 /* Assets.xcassets in Resources */ = {isa = PBXBuildFile; fileRef = 5ABBA396299C09A800D0E0F4 /* Assets.xcassets */; };
		5ABBA39A299C09A800D0E0F4 /* LaunchScreen.storyboard in Resources */ = {isa = PBXBuildFile; fileRef = 5ABBA398299C09A800D0E0F4 /* LaunchScreen.storyboard */; };
		5ABBA3A5299C09A800D0E0F4 /* StorytelCloneTests.swift in Sources */ = {isa = PBXBuildFile; fileRef = 5ABBA3A4299C09A800D0E0F4 /* StorytelCloneTests.swift */; };
		5ABBA3AF299C09A800D0E0F4 /* StorytelCloneUITests.swift in Sources */ = {isa = PBXBuildFile; fileRef = 5ABBA3AE299C09A800D0E0F4 /* StorytelCloneUITests.swift */; };
		5ABBA3B1299C09A800D0E0F4 /* StorytelCloneUITestsLaunchTests.swift in Sources */ = {isa = PBXBuildFile; fileRef = 5ABBA3B0299C09A800D0E0F4 /* StorytelCloneUITestsLaunchTests.swift */; };
		5ABBA402299C0FD000D0E0F4 /* TabBarViewController.swift in Sources */ = {isa = PBXBuildFile; fileRef = 5ABBA401299C0FD000D0E0F4 /* TabBarViewController.swift */; };
		5ABBA404299C113000D0E0F4 /* SearchViewController.swift in Sources */ = {isa = PBXBuildFile; fileRef = 5ABBA403299C113000D0E0F4 /* SearchViewController.swift */; };
		5ABBA406299C117000D0E0F4 /* BookshelfViewController.swift in Sources */ = {isa = PBXBuildFile; fileRef = 5ABBA405299C117000D0E0F4 /* BookshelfViewController.swift */; };
		5ABBA408299C119100D0E0F4 /* ProfileViewController.swift in Sources */ = {isa = PBXBuildFile; fileRef = 5ABBA407299C119100D0E0F4 /* ProfileViewController.swift */; };
		5ABF839829B6053200CECFDE /* BookWithOverviewTableViewCell.swift in Sources */ = {isa = PBXBuildFile; fileRef = 5ABF839729B6053200CECFDE /* BookWithOverviewTableViewCell.swift */; };
		5ABF839A29B6194C00CECFDE /* BookWithOverviewCellSubviewsContainer.swift in Sources */ = {isa = PBXBuildFile; fileRef = 5ABF839929B6194C00CECFDE /* BookWithOverviewCellSubviewsContainer.swift */; };
		5ABFA11829CD0E6800F7474C /* BookDetailsScrollView.swift in Sources */ = {isa = PBXBuildFile; fileRef = 5ABFA11729CD0E6800F7474C /* BookDetailsScrollView.swift */; };
		5ACD558329E0408600097B40 /* AllTitlesTableViewCell.swift in Sources */ = {isa = PBXBuildFile; fileRef = 5ACD558229E0408600097B40 /* AllTitlesTableViewCell.swift */; };
		5ACD558529E092C400097B40 /* StarHorzStackView.swift in Sources */ = {isa = PBXBuildFile; fileRef = 5ACD558429E092C400097B40 /* StarHorzStackView.swift */; };
		5ADA577F29C23BE7004BC23B /* SearchResultsBookTableViewCell.swift in Sources */ = {isa = PBXBuildFile; fileRef = 5ADA577E29C23BE7004BC23B /* SearchResultsBookTableViewCell.swift */; };
		5ADC083229CB2DC20042A432 /* RoundButtonsStackContainer.swift in Sources */ = {isa = PBXBuildFile; fileRef = 5ADC083129CB2DC20042A432 /* RoundButtonsStackContainer.swift */; };
		5AE36A3829F7D173003F60E5 /* SimilarBooksTableHeaderView.swift in Sources */ = {isa = PBXBuildFile; fileRef = 5AE36A3729F7D173003F60E5 /* SimilarBooksTableHeaderView.swift */; };
		5AE44E3129ACE0960022D212 /* AllCategoriesViewController.swift in Sources */ = {isa = PBXBuildFile; fileRef = 5AE44E3029ACE0960022D212 /* AllCategoriesViewController.swift */; };
		5AE44E3329ACE2D80022D212 /* CategoryCollectionViewCell.swift in Sources */ = {isa = PBXBuildFile; fileRef = 5AE44E3229ACE2D80022D212 /* CategoryCollectionViewCell.swift */; };
		5AE44E3529ACEE500022D212 /* CategoriesTableViewCellWithCollection.swift in Sources */ = {isa = PBXBuildFile; fileRef = 5AE44E3429ACEE500022D212 /* CategoriesTableViewCellWithCollection.swift */; };
		5AEE0EB929B02CBF00B79B90 /* SectionHeaderSubviewsContainer.swift in Sources */ = {isa = PBXBuildFile; fileRef = 5AEE0EB829B02CBF00B79B90 /* SectionHeaderSubviewsContainer.swift */; };
		5AF93323299D689F00DF17C7 /* TableHeaderView.swift in Sources */ = {isa = PBXBuildFile; fileRef = 5AF93322299D689F00DF17C7 /* TableHeaderView.swift */; };
		5AF93326299D722100DF17C7 /* Extensions.swift in Sources */ = {isa = PBXBuildFile; fileRef = 5AF93325299D722100DF17C7 /* Extensions.swift */; };
/* End PBXBuildFile section */

/* Begin PBXContainerItemProxy section */
		5ABBA3A1299C09A800D0E0F4 /* PBXContainerItemProxy */ = {
			isa = PBXContainerItemProxy;
			containerPortal = 5ABBA37F299C09A600D0E0F4 /* Project object */;
			proxyType = 1;
			remoteGlobalIDString = 5ABBA386299C09A700D0E0F4;
			remoteInfo = StorytelClone;
		};
		5ABBA3AB299C09A800D0E0F4 /* PBXContainerItemProxy */ = {
			isa = PBXContainerItemProxy;
			containerPortal = 5ABBA37F299C09A600D0E0F4 /* Project object */;
			proxyType = 1;
			remoteGlobalIDString = 5ABBA386299C09A700D0E0F4;
			remoteInfo = StorytelClone;
		};
/* End PBXContainerItemProxy section */

/* Begin PBXFileReference section */
		5A00A61729FFBE75002B2364 /* Storyteller.swift */ = {isa = PBXFileReference; lastKnownFileType = sourcecode.swift; path = Storyteller.swift; sourceTree = "<group>"; };
		5A041BD929AE70D3002539CF /* Category.swift */ = {isa = PBXFileReference; lastKnownFileType = sourcecode.swift; path = Category.swift; sourceTree = "<group>"; };
		5A0A426329A583340000EE64 /* Utils.swift */ = {isa = PBXFileReference; lastKnownFileType = sourcecode.swift; path = Utils.swift; sourceTree = "<group>"; };
		5A0F8A2029CA681B004FAB36 /* BookDetailsStackView.swift */ = {isa = PBXFileReference; lastKnownFileType = sourcecode.swift; path = BookDetailsStackView.swift; sourceTree = "<group>"; };
		5A1D2E4A29EF53530020C000 /* BottomSheetTableHeaderView.swift */ = {isa = PBXFileReference; lastKnownFileType = sourcecode.swift; path = BottomSheetTableHeaderView.swift; sourceTree = "<group>"; };
		5A23BEF029D747B80038D132 /* AllTitlesViewController.swift */ = {isa = PBXFileReference; lastKnownFileType = sourcecode.swift; path = AllTitlesViewController.swift; sourceTree = "<group>"; };
		5A23BEF229D7656F0038D132 /* AllTitlesSectionHeaderView.swift */ = {isa = PBXFileReference; lastKnownFileType = sourcecode.swift; path = AllTitlesSectionHeaderView.swift; sourceTree = "<group>"; };
		5A34350F29BD005E00178CDA /* SearchResultsCollectionViewCell.swift */ = {isa = PBXFileReference; lastKnownFileType = sourcecode.swift; path = SearchResultsCollectionViewCell.swift; sourceTree = "<group>"; };
		5A36E03B29B79C5C0096A032 /* SearchResultsViewController.swift */ = {isa = PBXFileReference; lastKnownFileType = sourcecode.swift; path = SearchResultsViewController.swift; sourceTree = "<group>"; };
		5A36E03F29B804430096A032 /* ScopeButtonsView.swift */ = {isa = PBXFileReference; lastKnownFileType = sourcecode.swift; path = ScopeButtonsView.swift; sourceTree = "<group>"; };
		5A37EB2029DD83710053F6A7 /* PopupButton.swift */ = {isa = PBXFileReference; lastKnownFileType = sourcecode.swift; path = PopupButton.swift; sourceTree = "<group>"; };
		5A3DC17129CE05D5003A9315 /* BookOverviewStackView.swift */ = {isa = PBXFileReference; lastKnownFileType = sourcecode.swift; path = BookOverviewStackView.swift; sourceTree = "<group>"; };
		5A4954EB29E58AAB0032B43B /* SaveBookButton.swift */ = {isa = PBXFileReference; lastKnownFileType = sourcecode.swift; path = SaveBookButton.swift; sourceTree = "<group>"; };
		5A4B017D2A011A1B00228AC4 /* PagingCvViewController.swift */ = {isa = PBXFileReference; lastKnownFileType = sourcecode.swift; path = PagingCvViewController.swift; sourceTree = "<group>"; };
		5A4B017F2A01281E00228AC4 /* BookshelfTableSectionHeaderView.swift */ = {isa = PBXFileReference; lastKnownFileType = sourcecode.swift; path = BookshelfTableSectionHeaderView.swift; sourceTree = "<group>"; };
		5A50AD1929CCDF1C00CCB9F4 /* ShowSeriesButtonContainer.swift */ = {isa = PBXFileReference; lastKnownFileType = sourcecode.swift; path = ShowSeriesButtonContainer.swift; sourceTree = "<group>"; };
		5A52321529AC24F30058DD73 /* CategoryViewController.swift */ = {isa = PBXFileReference; lastKnownFileType = sourcecode.swift; path = CategoryViewController.swift; sourceTree = "<group>"; };
		5A52321729AC30B30058DD73 /* BaseViewController.swift */ = {isa = PBXFileReference; lastKnownFileType = sourcecode.swift; path = BaseViewController.swift; sourceTree = "<group>"; };
		5A54A5F129DC446D003BB8D4 /* StorytellerTableHeaderView.swift */ = {isa = PBXFileReference; lastKnownFileType = sourcecode.swift; path = StorytellerTableHeaderView.swift; sourceTree = "<group>"; };
		5A5A1FDA29D3235600AA08BB /* SeeMoreButton.swift */ = {isa = PBXFileReference; lastKnownFileType = sourcecode.swift; path = SeeMoreButton.swift; sourceTree = "<group>"; };
		5A5AE401299FB3D100FA4EDB /* WideButtonTableViewCell.swift */ = {isa = PBXFileReference; lastKnownFileType = sourcecode.swift; path = WideButtonTableViewCell.swift; sourceTree = "<group>"; };
		5A5AE405299FBA7E00FA4EDB /* Constants.swift */ = {isa = PBXFileReference; lastKnownFileType = sourcecode.swift; path = Constants.swift; sourceTree = "<group>"; };
		5A5B878429C527AA001A7A64 /* SearchResultsNoImageTableViewCell.swift */ = {isa = PBXFileReference; lastKnownFileType = sourcecode.swift; path = SearchResultsNoImageTableViewCell.swift; sourceTree = "<group>"; };
		5A5B878829C52C45001A7A64 /* Tag.swift */ = {isa = PBXFileReference; lastKnownFileType = sourcecode.swift; path = Tag.swift; sourceTree = "<group>"; };
		5A5B878A29C52F2C001A7A64 /* Title.swift */ = {isa = PBXFileReference; lastKnownFileType = sourcecode.swift; path = Title.swift; sourceTree = "<group>"; };
		5A630F4D29D8BA5600A690EF /* FollowSeriesView.swift */ = {isa = PBXFileReference; lastKnownFileType = sourcecode.swift; path = FollowSeriesView.swift; sourceTree = "<group>"; };
		5A8380B4299E7EAE00611543 /* TableViewCellWithCollection.swift */ = {isa = PBXFileReference; lastKnownFileType = sourcecode.swift; path = TableViewCellWithCollection.swift; sourceTree = "<group>"; };
		5A8380B6299E818800611543 /* BookCollectionViewCell.swift */ = {isa = PBXFileReference; lastKnownFileType = sourcecode.swift; path = BookCollectionViewCell.swift; sourceTree = "<group>"; };
		5A8380BA299ED7E200611543 /* BadgeView.swift */ = {isa = PBXFileReference; lastKnownFileType = sourcecode.swift; path = BadgeView.swift; sourceTree = "<group>"; };
		5A8497FA29D49B530047AB44 /* PlaySampleButton.swift */ = {isa = PBXFileReference; lastKnownFileType = sourcecode.swift; path = PlaySampleButton.swift; sourceTree = "<group>"; };
		5A8497FC29D4B4060047AB44 /* TagsView.swift */ = {isa = PBXFileReference; lastKnownFileType = sourcecode.swift; path = TagsView.swift; sourceTree = "<group>"; };
		5A9B49E829B526550007C3AE /* TableViewCellWithHorzCvLargeCovers.swift */ = {isa = PBXFileReference; lastKnownFileType = sourcecode.swift; path = TableViewCellWithHorzCvLargeCovers.swift; sourceTree = "<group>"; };
		5A9B49EA29B527970007C3AE /* LargeBookCollectionViewCell.swift */ = {isa = PBXFileReference; lastKnownFileType = sourcecode.swift; path = LargeBookCollectionViewCell.swift; sourceTree = "<group>"; };
		5AA8006329C8D21100198B8A /* SearchResultsSeriesTableViewCell.swift */ = {isa = PBXFileReference; lastKnownFileType = sourcecode.swift; path = SearchResultsSeriesTableViewCell.swift; sourceTree = "<group>"; };
		5AA8006829C8DD5100198B8A /* SearchResultsTableViewCell.swift */ = {isa = PBXFileReference; lastKnownFileType = sourcecode.swift; path = SearchResultsTableViewCell.swift; sourceTree = "<group>"; };
		5AA8006A29C8EFDC00198B8A /* Series.swift */ = {isa = PBXFileReference; lastKnownFileType = sourcecode.swift; path = Series.swift; sourceTree = "<group>"; };
		5AA8006C29C8F2F700198B8A /* Language.swift */ = {isa = PBXFileReference; lastKnownFileType = sourcecode.swift; path = Language.swift; sourceTree = "<group>"; };
		5AAA1AC129C33A6C00B22B7F /* SearchResultsSectionHeaderView.swift */ = {isa = PBXFileReference; lastKnownFileType = sourcecode.swift; path = SearchResultsSectionHeaderView.swift; sourceTree = "<group>"; };
		5AAD76C129A17BD700EBC4FC /* SectionHeaderView.swift */ = {isa = PBXFileReference; lastKnownFileType = sourcecode.swift; path = SectionHeaderView.swift; sourceTree = "<group>"; };
		5AB1A29B29B3E32A001CC50A /* DimmedAnimationButton.swift */ = {isa = PBXFileReference; lastKnownFileType = sourcecode.swift; path = DimmedAnimationButton.swift; sourceTree = "<group>"; };
		5AB2CCC629B21C090048A4FB /* BookViewController.swift */ = {isa = PBXFileReference; lastKnownFileType = sourcecode.swift; path = BookViewController.swift; sourceTree = "<group>"; };
		5AB2CCCD29B2437D0048A4FB /* PosterTableViewCell.swift */ = {isa = PBXFileReference; lastKnownFileType = sourcecode.swift; path = PosterTableViewCell.swift; sourceTree = "<group>"; };
		5AB86E6029B1723B005122A6 /* Book.swift */ = {isa = PBXFileReference; lastKnownFileType = sourcecode.swift; path = Book.swift; sourceTree = "<group>"; };
		5AB9524329EF179B001EA8DA /* BottomSheetViewController.swift */ = {isa = PBXFileReference; lastKnownFileType = sourcecode.swift; path = BottomSheetViewController.swift; sourceTree = "<group>"; };
		5AB9524529EF1F06001EA8DA /* BottomSheetTableViewCell.swift */ = {isa = PBXFileReference; lastKnownFileType = sourcecode.swift; path = BottomSheetTableViewCell.swift; sourceTree = "<group>"; };
		5ABBA387299C09A700D0E0F4 /* StorytelClone.app */ = {isa = PBXFileReference; explicitFileType = wrapper.application; includeInIndex = 0; path = StorytelClone.app; sourceTree = BUILT_PRODUCTS_DIR; };
		5ABBA38A299C09A700D0E0F4 /* AppDelegate.swift */ = {isa = PBXFileReference; lastKnownFileType = sourcecode.swift; path = AppDelegate.swift; sourceTree = "<group>"; };
		5ABBA38C299C09A700D0E0F4 /* SceneDelegate.swift */ = {isa = PBXFileReference; lastKnownFileType = sourcecode.swift; path = SceneDelegate.swift; sourceTree = "<group>"; };
		5ABBA38E299C09A700D0E0F4 /* HomeViewController.swift */ = {isa = PBXFileReference; lastKnownFileType = sourcecode.swift; path = HomeViewController.swift; sourceTree = "<group>"; };
		5ABBA394299C09A700D0E0F4 /* StorytelClone.xcdatamodel */ = {isa = PBXFileReference; lastKnownFileType = wrapper.xcdatamodel; path = StorytelClone.xcdatamodel; sourceTree = "<group>"; };
		5ABBA396299C09A800D0E0F4 /* Assets.xcassets */ = {isa = PBXFileReference; lastKnownFileType = folder.assetcatalog; path = Assets.xcassets; sourceTree = "<group>"; };
		5ABBA399299C09A800D0E0F4 /* Base */ = {isa = PBXFileReference; lastKnownFileType = file.storyboard; name = Base; path = Base.lproj/LaunchScreen.storyboard; sourceTree = "<group>"; };
		5ABBA39B299C09A800D0E0F4 /* Info.plist */ = {isa = PBXFileReference; lastKnownFileType = text.plist.xml; path = Info.plist; sourceTree = "<group>"; };
		5ABBA3A0299C09A800D0E0F4 /* StorytelCloneTests.xctest */ = {isa = PBXFileReference; explicitFileType = wrapper.cfbundle; includeInIndex = 0; path = StorytelCloneTests.xctest; sourceTree = BUILT_PRODUCTS_DIR; };
		5ABBA3A4299C09A800D0E0F4 /* StorytelCloneTests.swift */ = {isa = PBXFileReference; lastKnownFileType = sourcecode.swift; path = StorytelCloneTests.swift; sourceTree = "<group>"; };
		5ABBA3AA299C09A800D0E0F4 /* StorytelCloneUITests.xctest */ = {isa = PBXFileReference; explicitFileType = wrapper.cfbundle; includeInIndex = 0; path = StorytelCloneUITests.xctest; sourceTree = BUILT_PRODUCTS_DIR; };
		5ABBA3AE299C09A800D0E0F4 /* StorytelCloneUITests.swift */ = {isa = PBXFileReference; lastKnownFileType = sourcecode.swift; path = StorytelCloneUITests.swift; sourceTree = "<group>"; };
		5ABBA3B0299C09A800D0E0F4 /* StorytelCloneUITestsLaunchTests.swift */ = {isa = PBXFileReference; lastKnownFileType = sourcecode.swift; path = StorytelCloneUITestsLaunchTests.swift; sourceTree = "<group>"; };
		5ABBA401299C0FD000D0E0F4 /* TabBarViewController.swift */ = {isa = PBXFileReference; lastKnownFileType = sourcecode.swift; path = TabBarViewController.swift; sourceTree = "<group>"; };
		5ABBA403299C113000D0E0F4 /* SearchViewController.swift */ = {isa = PBXFileReference; lastKnownFileType = sourcecode.swift; path = SearchViewController.swift; sourceTree = "<group>"; };
		5ABBA405299C117000D0E0F4 /* BookshelfViewController.swift */ = {isa = PBXFileReference; lastKnownFileType = sourcecode.swift; path = BookshelfViewController.swift; sourceTree = "<group>"; };
		5ABBA407299C119100D0E0F4 /* ProfileViewController.swift */ = {isa = PBXFileReference; lastKnownFileType = sourcecode.swift; path = ProfileViewController.swift; sourceTree = "<group>"; };
		5ABF839729B6053200CECFDE /* BookWithOverviewTableViewCell.swift */ = {isa = PBXFileReference; lastKnownFileType = sourcecode.swift; path = BookWithOverviewTableViewCell.swift; sourceTree = "<group>"; };
		5ABF839929B6194C00CECFDE /* BookWithOverviewCellSubviewsContainer.swift */ = {isa = PBXFileReference; lastKnownFileType = sourcecode.swift; path = BookWithOverviewCellSubviewsContainer.swift; sourceTree = "<group>"; };
		5ABFA11729CD0E6800F7474C /* BookDetailsScrollView.swift */ = {isa = PBXFileReference; lastKnownFileType = sourcecode.swift; path = BookDetailsScrollView.swift; sourceTree = "<group>"; };
		5ACD558229E0408600097B40 /* AllTitlesTableViewCell.swift */ = {isa = PBXFileReference; lastKnownFileType = sourcecode.swift; path = AllTitlesTableViewCell.swift; sourceTree = "<group>"; };
		5ACD558429E092C400097B40 /* StarHorzStackView.swift */ = {isa = PBXFileReference; lastKnownFileType = sourcecode.swift; path = StarHorzStackView.swift; sourceTree = "<group>"; };
		5ADA577E29C23BE7004BC23B /* SearchResultsBookTableViewCell.swift */ = {isa = PBXFileReference; lastKnownFileType = sourcecode.swift; path = SearchResultsBookTableViewCell.swift; sourceTree = "<group>"; };
		5ADC083129CB2DC20042A432 /* RoundButtonsStackContainer.swift */ = {isa = PBXFileReference; lastKnownFileType = sourcecode.swift; path = RoundButtonsStackContainer.swift; sourceTree = "<group>"; };
		5AE36A3729F7D173003F60E5 /* SimilarBooksTableHeaderView.swift */ = {isa = PBXFileReference; lastKnownFileType = sourcecode.swift; path = SimilarBooksTableHeaderView.swift; sourceTree = "<group>"; };
		5AE44E3029ACE0960022D212 /* AllCategoriesViewController.swift */ = {isa = PBXFileReference; lastKnownFileType = sourcecode.swift; path = AllCategoriesViewController.swift; sourceTree = "<group>"; };
		5AE44E3229ACE2D80022D212 /* CategoryCollectionViewCell.swift */ = {isa = PBXFileReference; lastKnownFileType = sourcecode.swift; path = CategoryCollectionViewCell.swift; sourceTree = "<group>"; };
		5AE44E3429ACEE500022D212 /* CategoriesTableViewCellWithCollection.swift */ = {isa = PBXFileReference; lastKnownFileType = sourcecode.swift; path = CategoriesTableViewCellWithCollection.swift; sourceTree = "<group>"; };
		5AEE0EB829B02CBF00B79B90 /* SectionHeaderSubviewsContainer.swift */ = {isa = PBXFileReference; lastKnownFileType = sourcecode.swift; path = SectionHeaderSubviewsContainer.swift; sourceTree = "<group>"; };
		5AF93322299D689F00DF17C7 /* TableHeaderView.swift */ = {isa = PBXFileReference; lastKnownFileType = sourcecode.swift; path = TableHeaderView.swift; sourceTree = "<group>"; };
		5AF93325299D722100DF17C7 /* Extensions.swift */ = {isa = PBXFileReference; lastKnownFileType = sourcecode.swift; path = Extensions.swift; sourceTree = "<group>"; };
/* End PBXFileReference section */

/* Begin PBXFrameworksBuildPhase section */
		5ABBA384299C09A700D0E0F4 /* Frameworks */ = {
			isa = PBXFrameworksBuildPhase;
			buildActionMask = 2147483647;
			files = (
			);
			runOnlyForDeploymentPostprocessing = 0;
		};
		5ABBA39D299C09A800D0E0F4 /* Frameworks */ = {
			isa = PBXFrameworksBuildPhase;
			buildActionMask = 2147483647;
			files = (
			);
			runOnlyForDeploymentPostprocessing = 0;
		};
		5ABBA3A7299C09A800D0E0F4 /* Frameworks */ = {
			isa = PBXFrameworksBuildPhase;
			buildActionMask = 2147483647;
			files = (
			);
			runOnlyForDeploymentPostprocessing = 0;
		};
/* End PBXFrameworksBuildPhase section */

/* Begin PBXGroup section */
		5AA8006529C8D59300198B8A /* Protocols */ = {
			isa = PBXGroup;
			children = (
			);
			path = Protocols;
			sourceTree = "<group>";
		};
		5AB2CCCC29B243140048A4FB /* Cells */ = {
			isa = PBXGroup;
			children = (
				5A8380B4299E7EAE00611543 /* TableViewCellWithCollection.swift */,
				5A8380B6299E818800611543 /* BookCollectionViewCell.swift */,
				5A5AE401299FB3D100FA4EDB /* WideButtonTableViewCell.swift */,
				5AB2CCCD29B2437D0048A4FB /* PosterTableViewCell.swift */,
				5AE44E3429ACEE500022D212 /* CategoriesTableViewCellWithCollection.swift */,
				5AE44E3229ACE2D80022D212 /* CategoryCollectionViewCell.swift */,
				5A9B49E829B526550007C3AE /* TableViewCellWithHorzCvLargeCovers.swift */,
				5A9B49EA29B527970007C3AE /* LargeBookCollectionViewCell.swift */,
				5ABF839729B6053200CECFDE /* BookWithOverviewTableViewCell.swift */,
				5A34350F29BD005E00178CDA /* SearchResultsCollectionViewCell.swift */,
				5AA8006829C8DD5100198B8A /* SearchResultsTableViewCell.swift */,
				5ADA577E29C23BE7004BC23B /* SearchResultsBookTableViewCell.swift */,
				5A5B878429C527AA001A7A64 /* SearchResultsNoImageTableViewCell.swift */,
				5AA8006329C8D21100198B8A /* SearchResultsSeriesTableViewCell.swift */,
				5ACD558229E0408600097B40 /* AllTitlesTableViewCell.swift */,
				5AB9524529EF1F06001EA8DA /* BottomSheetTableViewCell.swift */,
			);
			path = Cells;
			sourceTree = "<group>";
		};
		5ABBA37E299C09A600D0E0F4 = {
			isa = PBXGroup;
			children = (
				5ABBA389299C09A700D0E0F4 /* StorytelClone */,
				5ABBA3A3299C09A800D0E0F4 /* StorytelCloneTests */,
				5ABBA3AD299C09A800D0E0F4 /* StorytelCloneUITests */,
				5ABBA388299C09A700D0E0F4 /* Products */,
			);
			sourceTree = "<group>";
		};
		5ABBA388299C09A700D0E0F4 /* Products */ = {
			isa = PBXGroup;
			children = (
				5ABBA387299C09A700D0E0F4 /* StorytelClone.app */,
				5ABBA3A0299C09A800D0E0F4 /* StorytelCloneTests.xctest */,
				5ABBA3AA299C09A800D0E0F4 /* StorytelCloneUITests.xctest */,
			);
			name = Products;
			sourceTree = "<group>";
		};
		5ABBA389299C09A700D0E0F4 /* StorytelClone */ = {
			isa = PBXGroup;
			children = (
				5AA8006529C8D59300198B8A /* Protocols */,
				5AF93324299D71EC00DF17C7 /* Resources */,
				5ABBA3FD299C0F0600D0E0F4 /* Models */,
				5ABBA3FE299C0F2000D0E0F4 /* Views */,
				5ABBA3FC299C0EFC00D0E0F4 /* Controllers */,
				5ABBA38A299C09A700D0E0F4 /* AppDelegate.swift */,
				5ABBA38C299C09A700D0E0F4 /* SceneDelegate.swift */,
				5ABBA396299C09A800D0E0F4 /* Assets.xcassets */,
				5ABBA398299C09A800D0E0F4 /* LaunchScreen.storyboard */,
				5ABBA39B299C09A800D0E0F4 /* Info.plist */,
				5ABBA393299C09A700D0E0F4 /* StorytelClone.xcdatamodeld */,
			);
			path = StorytelClone;
			sourceTree = "<group>";
		};
		5ABBA3A3299C09A800D0E0F4 /* StorytelCloneTests */ = {
			isa = PBXGroup;
			children = (
				5ABBA3A4299C09A800D0E0F4 /* StorytelCloneTests.swift */,
			);
			path = StorytelCloneTests;
			sourceTree = "<group>";
		};
		5ABBA3AD299C09A800D0E0F4 /* StorytelCloneUITests */ = {
			isa = PBXGroup;
			children = (
				5ABBA3AE299C09A800D0E0F4 /* StorytelCloneUITests.swift */,
				5ABBA3B0299C09A800D0E0F4 /* StorytelCloneUITestsLaunchTests.swift */,
			);
			path = StorytelCloneUITests;
			sourceTree = "<group>";
		};
		5ABBA3FC299C0EFC00D0E0F4 /* Controllers */ = {
			isa = PBXGroup;
			children = (
				5ABBA400299C0F4400D0E0F4 /* General */,
				5ABBA3FF299C0F3D00D0E0F4 /* Core */,
			);
			path = Controllers;
			sourceTree = "<group>";
		};
		5ABBA3FD299C0F0600D0E0F4 /* Models */ = {
			isa = PBXGroup;
			children = (
				5A041BD929AE70D3002539CF /* Category.swift */,
				5A5B878A29C52F2C001A7A64 /* Title.swift */,
				5AB86E6029B1723B005122A6 /* Book.swift */,
				5A00A61729FFBE75002B2364 /* Storyteller.swift */,
				5AA8006A29C8EFDC00198B8A /* Series.swift */,
				5A5B878829C52C45001A7A64 /* Tag.swift */,
				5AA8006C29C8F2F700198B8A /* Language.swift */,
			);
			path = Models;
			sourceTree = "<group>";
		};
		5ABBA3FE299C0F2000D0E0F4 /* Views */ = {
			isa = PBXGroup;
			children = (
				5AF93322299D689F00DF17C7 /* TableHeaderView.swift */,
				5A630F4D29D8BA5600A690EF /* FollowSeriesView.swift */,
				5AE36A3729F7D173003F60E5 /* SimilarBooksTableHeaderView.swift */,
				5A54A5F129DC446D003BB8D4 /* StorytellerTableHeaderView.swift */,
				5AAD76C129A17BD700EBC4FC /* SectionHeaderView.swift */,
				5AEE0EB829B02CBF00B79B90 /* SectionHeaderSubviewsContainer.swift */,
				5A8380BA299ED7E200611543 /* BadgeView.swift */,
				5AB1A29B29B3E32A001CC50A /* DimmedAnimationButton.swift */,
				5ABF839929B6194C00CECFDE /* BookWithOverviewCellSubviewsContainer.swift */,
				5A36E03F29B804430096A032 /* ScopeButtonsView.swift */,
				5AAA1AC129C33A6C00B22B7F /* SearchResultsSectionHeaderView.swift */,
				5A0F8A2029CA681B004FAB36 /* BookDetailsStackView.swift */,
				5A50AD1929CCDF1C00CCB9F4 /* ShowSeriesButtonContainer.swift */,
				5ADC083129CB2DC20042A432 /* RoundButtonsStackContainer.swift */,
				5ABFA11729CD0E6800F7474C /* BookDetailsScrollView.swift */,
				5A3DC17129CE05D5003A9315 /* BookOverviewStackView.swift */,
				5A5A1FDA29D3235600AA08BB /* SeeMoreButton.swift */,
				5A8497FA29D49B530047AB44 /* PlaySampleButton.swift */,
				5A8497FC29D4B4060047AB44 /* TagsView.swift */,
				5A23BEF229D7656F0038D132 /* AllTitlesSectionHeaderView.swift */,
				5A37EB2029DD83710053F6A7 /* PopupButton.swift */,
				5ACD558429E092C400097B40 /* StarHorzStackView.swift */,
				5A4954EB29E58AAB0032B43B /* SaveBookButton.swift */,
				5A1D2E4A29EF53530020C000 /* BottomSheetTableHeaderView.swift */,
				5A4B017F2A01281E00228AC4 /* BookshelfTableSectionHeaderView.swift */,
				5AB2CCCC29B243140048A4FB /* Cells */,
			);
			path = Views;
			sourceTree = "<group>";
		};
		5ABBA3FF299C0F3D00D0E0F4 /* Core */ = {
			isa = PBXGroup;
			children = (
				5ABBA401299C0FD000D0E0F4 /* TabBarViewController.swift */,
				5ABBA38E299C09A700D0E0F4 /* HomeViewController.swift */,
				5ABBA403299C113000D0E0F4 /* SearchViewController.swift */,
				5ABBA405299C117000D0E0F4 /* BookshelfViewController.swift */,
				5ABBA407299C119100D0E0F4 /* ProfileViewController.swift */,
			);
			path = Core;
			sourceTree = "<group>";
		};
		5ABBA400299C0F4400D0E0F4 /* General */ = {
			isa = PBXGroup;
			children = (
				5A52321729AC30B30058DD73 /* BaseViewController.swift */,
				5A52321529AC24F30058DD73 /* CategoryViewController.swift */,
				5AE44E3029ACE0960022D212 /* AllCategoriesViewController.swift */,
				5AB2CCC629B21C090048A4FB /* BookViewController.swift */,
				5A36E03B29B79C5C0096A032 /* SearchResultsViewController.swift */,
				5A23BEF029D747B80038D132 /* AllTitlesViewController.swift */,
				5AB9524329EF179B001EA8DA /* BottomSheetViewController.swift */,
				5A4B017D2A011A1B00228AC4 /* PagingCvViewController.swift */,
			);
			path = General;
			sourceTree = "<group>";
		};
		5AF93324299D71EC00DF17C7 /* Resources */ = {
			isa = PBXGroup;
			children = (
				5AF93325299D722100DF17C7 /* Extensions.swift */,
				5A5AE405299FBA7E00FA4EDB /* Constants.swift */,
				5A0A426329A583340000EE64 /* Utils.swift */,
			);
			path = Resources;
			sourceTree = "<group>";
		};
/* End PBXGroup section */

/* Begin PBXNativeTarget section */
		5ABBA386299C09A700D0E0F4 /* StorytelClone */ = {
			isa = PBXNativeTarget;
			buildConfigurationList = 5ABBA3B4299C09A800D0E0F4 /* Build configuration list for PBXNativeTarget "StorytelClone" */;
			buildPhases = (
				5ABBA383299C09A700D0E0F4 /* Sources */,
				5ABBA384299C09A700D0E0F4 /* Frameworks */,
				5ABBA385299C09A700D0E0F4 /* Resources */,
			);
			buildRules = (
			);
			dependencies = (
			);
			name = StorytelClone;
			productName = StorytelClone;
			productReference = 5ABBA387299C09A700D0E0F4 /* StorytelClone.app */;
			productType = "com.apple.product-type.application";
		};
		5ABBA39F299C09A800D0E0F4 /* StorytelCloneTests */ = {
			isa = PBXNativeTarget;
			buildConfigurationList = 5ABBA3B7299C09A800D0E0F4 /* Build configuration list for PBXNativeTarget "StorytelCloneTests" */;
			buildPhases = (
				5ABBA39C299C09A800D0E0F4 /* Sources */,
				5ABBA39D299C09A800D0E0F4 /* Frameworks */,
				5ABBA39E299C09A800D0E0F4 /* Resources */,
			);
			buildRules = (
			);
			dependencies = (
				5ABBA3A2299C09A800D0E0F4 /* PBXTargetDependency */,
			);
			name = StorytelCloneTests;
			productName = StorytelCloneTests;
			productReference = 5ABBA3A0299C09A800D0E0F4 /* StorytelCloneTests.xctest */;
			productType = "com.apple.product-type.bundle.unit-test";
		};
		5ABBA3A9299C09A800D0E0F4 /* StorytelCloneUITests */ = {
			isa = PBXNativeTarget;
			buildConfigurationList = 5ABBA3BA299C09A800D0E0F4 /* Build configuration list for PBXNativeTarget "StorytelCloneUITests" */;
			buildPhases = (
				5ABBA3A6299C09A800D0E0F4 /* Sources */,
				5ABBA3A7299C09A800D0E0F4 /* Frameworks */,
				5ABBA3A8299C09A800D0E0F4 /* Resources */,
			);
			buildRules = (
			);
			dependencies = (
				5ABBA3AC299C09A800D0E0F4 /* PBXTargetDependency */,
			);
			name = StorytelCloneUITests;
			productName = StorytelCloneUITests;
			productReference = 5ABBA3AA299C09A800D0E0F4 /* StorytelCloneUITests.xctest */;
			productType = "com.apple.product-type.bundle.ui-testing";
		};
/* End PBXNativeTarget section */

/* Begin PBXProject section */
		5ABBA37F299C09A600D0E0F4 /* Project object */ = {
			isa = PBXProject;
			attributes = {
				BuildIndependentTargetsInParallel = 1;
				LastSwiftUpdateCheck = 1410;
				LastUpgradeCheck = 1410;
				TargetAttributes = {
					5ABBA386299C09A700D0E0F4 = {
						CreatedOnToolsVersion = 14.1;
					};
					5ABBA39F299C09A800D0E0F4 = {
						CreatedOnToolsVersion = 14.1;
						TestTargetID = 5ABBA386299C09A700D0E0F4;
					};
					5ABBA3A9299C09A800D0E0F4 = {
						CreatedOnToolsVersion = 14.1;
						TestTargetID = 5ABBA386299C09A700D0E0F4;
					};
				};
			};
			buildConfigurationList = 5ABBA382299C09A600D0E0F4 /* Build configuration list for PBXProject "StorytelClone" */;
			compatibilityVersion = "Xcode 14.0";
			developmentRegion = en;
			hasScannedForEncodings = 0;
			knownRegions = (
				en,
				Base,
			);
			mainGroup = 5ABBA37E299C09A600D0E0F4;
			productRefGroup = 5ABBA388299C09A700D0E0F4 /* Products */;
			projectDirPath = "";
			projectRoot = "";
			targets = (
				5ABBA386299C09A700D0E0F4 /* StorytelClone */,
				5ABBA39F299C09A800D0E0F4 /* StorytelCloneTests */,
				5ABBA3A9299C09A800D0E0F4 /* StorytelCloneUITests */,
			);
		};
/* End PBXProject section */

/* Begin PBXResourcesBuildPhase section */
		5ABBA385299C09A700D0E0F4 /* Resources */ = {
			isa = PBXResourcesBuildPhase;
			buildActionMask = 2147483647;
			files = (
				5ABBA39A299C09A800D0E0F4 /* LaunchScreen.storyboard in Resources */,
				5ABBA397299C09A800D0E0F4 /* Assets.xcassets in Resources */,
			);
			runOnlyForDeploymentPostprocessing = 0;
		};
		5ABBA39E299C09A800D0E0F4 /* Resources */ = {
			isa = PBXResourcesBuildPhase;
			buildActionMask = 2147483647;
			files = (
			);
			runOnlyForDeploymentPostprocessing = 0;
		};
		5ABBA3A8299C09A800D0E0F4 /* Resources */ = {
			isa = PBXResourcesBuildPhase;
			buildActionMask = 2147483647;
			files = (
			);
			runOnlyForDeploymentPostprocessing = 0;
		};
/* End PBXResourcesBuildPhase section */

/* Begin PBXSourcesBuildPhase section */
		5ABBA383299C09A700D0E0F4 /* Sources */ = {
			isa = PBXSourcesBuildPhase;
			buildActionMask = 2147483647;
			files = (
				5A37EB2129DD83710053F6A7 /* PopupButton.swift in Sources */,
				5A8380B5299E7EAE00611543 /* TableViewCellWithCollection.swift in Sources */,
				5A5B878B29C52F2C001A7A64 /* Title.swift in Sources */,
				5A00A61829FFBE75002B2364 /* Storyteller.swift in Sources */,
				5A3DC17229CE05D5003A9315 /* BookOverviewStackView.swift in Sources */,
				5ACD558329E0408600097B40 /* AllTitlesTableViewCell.swift in Sources */,
				5A4954EC29E58AAB0032B43B /* SaveBookButton.swift in Sources */,
				5A52321829AC30B30058DD73 /* BaseViewController.swift in Sources */,
				5AF93323299D689F00DF17C7 /* TableHeaderView.swift in Sources */,
				5ABBA404299C113000D0E0F4 /* SearchViewController.swift in Sources */,
				5A9B49E929B526550007C3AE /* TableViewCellWithHorzCvLargeCovers.swift in Sources */,
				5A5A1FDB29D3235600AA08BB /* SeeMoreButton.swift in Sources */,
				5A54A5F229DC446D003BB8D4 /* StorytellerTableHeaderView.swift in Sources */,
				5AB2CCCE29B2437D0048A4FB /* PosterTableViewCell.swift in Sources */,
				5ABBA38F299C09A700D0E0F4 /* HomeViewController.swift in Sources */,
				5A5AE402299FB3D100FA4EDB /* WideButtonTableViewCell.swift in Sources */,
				5A630F4E29D8BA5600A690EF /* FollowSeriesView.swift in Sources */,
				5A5AE406299FBA7E00FA4EDB /* Constants.swift in Sources */,
				5ABBA395299C09A700D0E0F4 /* StorytelClone.xcdatamodeld in Sources */,
				5AEE0EB929B02CBF00B79B90 /* SectionHeaderSubviewsContainer.swift in Sources */,
				5ABFA11829CD0E6800F7474C /* BookDetailsScrollView.swift in Sources */,
				5AE36A3829F7D173003F60E5 /* SimilarBooksTableHeaderView.swift in Sources */,
				5ABF839A29B6194C00CECFDE /* BookWithOverviewCellSubviewsContainer.swift in Sources */,
				5AA8006429C8D21100198B8A /* SearchResultsSeriesTableViewCell.swift in Sources */,
				5A9B49EB29B527970007C3AE /* LargeBookCollectionViewCell.swift in Sources */,
				5A50AD1A29CCDF1C00CCB9F4 /* ShowSeriesButtonContainer.swift in Sources */,
				5A8497FB29D49B530047AB44 /* PlaySampleButton.swift in Sources */,
				5A4B017E2A011A1B00228AC4 /* PagingCvViewController.swift in Sources */,
				5A23BEF129D747B80038D132 /* AllTitlesViewController.swift in Sources */,
				5AB2CCC729B21C090048A4FB /* BookViewController.swift in Sources */,
				5AA8006D29C8F2F700198B8A /* Language.swift in Sources */,
				5AB9524629EF1F06001EA8DA /* BottomSheetTableViewCell.swift in Sources */,
				5AA8006B29C8EFDC00198B8A /* Series.swift in Sources */,
				5ABBA406299C117000D0E0F4 /* BookshelfViewController.swift in Sources */,
				5A34351029BD005E00178CDA /* SearchResultsCollectionViewCell.swift in Sources */,
				5AF93326299D722100DF17C7 /* Extensions.swift in Sources */,
				5A52321629AC24F30058DD73 /* CategoryViewController.swift in Sources */,
				5ABBA38B299C09A700D0E0F4 /* AppDelegate.swift in Sources */,
				5ADA577F29C23BE7004BC23B /* SearchResultsBookTableViewCell.swift in Sources */,
				5A1D2E4B29EF53530020C000 /* BottomSheetTableHeaderView.swift in Sources */,
				5A23BEF329D7656F0038D132 /* AllTitlesSectionHeaderView.swift in Sources */,
				5ABBA402299C0FD000D0E0F4 /* TabBarViewController.swift in Sources */,
				5AA8006929C8DD5100198B8A /* SearchResultsTableViewCell.swift in Sources */,
				5A36E03C29B79C5C0096A032 /* SearchResultsViewController.swift in Sources */,
				5A0A426429A583340000EE64 /* Utils.swift in Sources */,
				5A041BDA29AE70D3002539CF /* Category.swift in Sources */,
				5A36E04029B804430096A032 /* ScopeButtonsView.swift in Sources */,
				5AE44E3129ACE0960022D212 /* AllCategoriesViewController.swift in Sources */,
				5A5B878929C52C45001A7A64 /* Tag.swift in Sources */,
				5AB9524429EF179B001EA8DA /* BottomSheetViewController.swift in Sources */,
				5AAD76C229A17BD700EBC4FC /* SectionHeaderView.swift in Sources */,
				5ACD558529E092C400097B40 /* StarHorzStackView.swift in Sources */,
				5ABF839829B6053200CECFDE /* BookWithOverviewTableViewCell.swift in Sources */,
				5AB86E6129B1723B005122A6 /* Book.swift in Sources */,
				5A8380B7299E818800611543 /* BookCollectionViewCell.swift in Sources */,
				5ABBA408299C119100D0E0F4 /* ProfileViewController.swift in Sources */,
				5AAA1AC229C33A6C00B22B7F /* SearchResultsSectionHeaderView.swift in Sources */,
				5ADC083229CB2DC20042A432 /* RoundButtonsStackContainer.swift in Sources */,
				5A4B01802A01281E00228AC4 /* BookshelfTableSectionHeaderView.swift in Sources */,
				5A8380BB299ED7E200611543 /* BadgeView.swift in Sources */,
				5AE44E3529ACEE500022D212 /* CategoriesTableViewCellWithCollection.swift in Sources */,
				5A0F8A2129CA681B004FAB36 /* BookDetailsStackView.swift in Sources */,
				5AE44E3329ACE2D80022D212 /* CategoryCollectionViewCell.swift in Sources */,
				5A8497FD29D4B4060047AB44 /* TagsView.swift in Sources */,
				5ABBA38D299C09A700D0E0F4 /* SceneDelegate.swift in Sources */,
				5A5B878529C527AA001A7A64 /* SearchResultsNoImageTableViewCell.swift in Sources */,
				5AB1A29C29B3E32A001CC50A /* DimmedAnimationButton.swift in Sources */,
			);
			runOnlyForDeploymentPostprocessing = 0;
		};
		5ABBA39C299C09A800D0E0F4 /* Sources */ = {
			isa = PBXSourcesBuildPhase;
			buildActionMask = 2147483647;
			files = (
				5ABBA3A5299C09A800D0E0F4 /* StorytelCloneTests.swift in Sources */,
			);
			runOnlyForDeploymentPostprocessing = 0;
		};
		5ABBA3A6299C09A800D0E0F4 /* Sources */ = {
			isa = PBXSourcesBuildPhase;
			buildActionMask = 2147483647;
			files = (
				5ABBA3B1299C09A800D0E0F4 /* StorytelCloneUITestsLaunchTests.swift in Sources */,
				5ABBA3AF299C09A800D0E0F4 /* StorytelCloneUITests.swift in Sources */,
			);
			runOnlyForDeploymentPostprocessing = 0;
		};
/* End PBXSourcesBuildPhase section */

/* Begin PBXTargetDependency section */
		5ABBA3A2299C09A800D0E0F4 /* PBXTargetDependency */ = {
			isa = PBXTargetDependency;
			target = 5ABBA386299C09A700D0E0F4 /* StorytelClone */;
			targetProxy = 5ABBA3A1299C09A800D0E0F4 /* PBXContainerItemProxy */;
		};
		5ABBA3AC299C09A800D0E0F4 /* PBXTargetDependency */ = {
			isa = PBXTargetDependency;
			target = 5ABBA386299C09A700D0E0F4 /* StorytelClone */;
			targetProxy = 5ABBA3AB299C09A800D0E0F4 /* PBXContainerItemProxy */;
		};
/* End PBXTargetDependency section */

/* Begin PBXVariantGroup section */
		5ABBA398299C09A800D0E0F4 /* LaunchScreen.storyboard */ = {
			isa = PBXVariantGroup;
			children = (
				5ABBA399299C09A800D0E0F4 /* Base */,
			);
			name = LaunchScreen.storyboard;
			sourceTree = "<group>";
		};
/* End PBXVariantGroup section */

/* Begin XCBuildConfiguration section */
		5ABBA3B2299C09A800D0E0F4 /* Debug */ = {
			isa = XCBuildConfiguration;
			buildSettings = {
				ALWAYS_SEARCH_USER_PATHS = NO;
				CLANG_ANALYZER_NONNULL = YES;
				CLANG_ANALYZER_NUMBER_OBJECT_CONVERSION = YES_AGGRESSIVE;
				CLANG_CXX_LANGUAGE_STANDARD = "gnu++20";
				CLANG_ENABLE_MODULES = YES;
				CLANG_ENABLE_OBJC_ARC = YES;
				CLANG_ENABLE_OBJC_WEAK = YES;
				CLANG_WARN_BLOCK_CAPTURE_AUTORELEASING = YES;
				CLANG_WARN_BOOL_CONVERSION = YES;
				CLANG_WARN_COMMA = YES;
				CLANG_WARN_CONSTANT_CONVERSION = YES;
				CLANG_WARN_DEPRECATED_OBJC_IMPLEMENTATIONS = YES;
				CLANG_WARN_DIRECT_OBJC_ISA_USAGE = YES_ERROR;
				CLANG_WARN_DOCUMENTATION_COMMENTS = YES;
				CLANG_WARN_EMPTY_BODY = YES;
				CLANG_WARN_ENUM_CONVERSION = YES;
				CLANG_WARN_INFINITE_RECURSION = YES;
				CLANG_WARN_INT_CONVERSION = YES;
				CLANG_WARN_NON_LITERAL_NULL_CONVERSION = YES;
				CLANG_WARN_OBJC_IMPLICIT_RETAIN_SELF = YES;
				CLANG_WARN_OBJC_LITERAL_CONVERSION = YES;
				CLANG_WARN_OBJC_ROOT_CLASS = YES_ERROR;
				CLANG_WARN_QUOTED_INCLUDE_IN_FRAMEWORK_HEADER = YES;
				CLANG_WARN_RANGE_LOOP_ANALYSIS = YES;
				CLANG_WARN_STRICT_PROTOTYPES = YES;
				CLANG_WARN_SUSPICIOUS_MOVE = YES;
				CLANG_WARN_UNGUARDED_AVAILABILITY = YES_AGGRESSIVE;
				CLANG_WARN_UNREACHABLE_CODE = YES;
				CLANG_WARN__DUPLICATE_METHOD_MATCH = YES;
				COPY_PHASE_STRIP = NO;
				DEBUG_INFORMATION_FORMAT = dwarf;
				ENABLE_STRICT_OBJC_MSGSEND = YES;
				ENABLE_TESTABILITY = YES;
				GCC_C_LANGUAGE_STANDARD = gnu11;
				GCC_DYNAMIC_NO_PIC = NO;
				GCC_NO_COMMON_BLOCKS = YES;
				GCC_OPTIMIZATION_LEVEL = 0;
				GCC_PREPROCESSOR_DEFINITIONS = (
					"DEBUG=1",
					"$(inherited)",
				);
				GCC_WARN_64_TO_32_BIT_CONVERSION = YES;
				GCC_WARN_ABOUT_RETURN_TYPE = YES_ERROR;
				GCC_WARN_UNDECLARED_SELECTOR = YES;
				GCC_WARN_UNINITIALIZED_AUTOS = YES_AGGRESSIVE;
				GCC_WARN_UNUSED_FUNCTION = YES;
				GCC_WARN_UNUSED_VARIABLE = YES;
				IPHONEOS_DEPLOYMENT_TARGET = 16.1;
				MTL_ENABLE_DEBUG_INFO = INCLUDE_SOURCE;
				MTL_FAST_MATH = YES;
				ONLY_ACTIVE_ARCH = YES;
				SDKROOT = iphoneos;
				SWIFT_ACTIVE_COMPILATION_CONDITIONS = DEBUG;
				SWIFT_OPTIMIZATION_LEVEL = "-Onone";
			};
			name = Debug;
		};
		5ABBA3B3299C09A800D0E0F4 /* Release */ = {
			isa = XCBuildConfiguration;
			buildSettings = {
				ALWAYS_SEARCH_USER_PATHS = NO;
				CLANG_ANALYZER_NONNULL = YES;
				CLANG_ANALYZER_NUMBER_OBJECT_CONVERSION = YES_AGGRESSIVE;
				CLANG_CXX_LANGUAGE_STANDARD = "gnu++20";
				CLANG_ENABLE_MODULES = YES;
				CLANG_ENABLE_OBJC_ARC = YES;
				CLANG_ENABLE_OBJC_WEAK = YES;
				CLANG_WARN_BLOCK_CAPTURE_AUTORELEASING = YES;
				CLANG_WARN_BOOL_CONVERSION = YES;
				CLANG_WARN_COMMA = YES;
				CLANG_WARN_CONSTANT_CONVERSION = YES;
				CLANG_WARN_DEPRECATED_OBJC_IMPLEMENTATIONS = YES;
				CLANG_WARN_DIRECT_OBJC_ISA_USAGE = YES_ERROR;
				CLANG_WARN_DOCUMENTATION_COMMENTS = YES;
				CLANG_WARN_EMPTY_BODY = YES;
				CLANG_WARN_ENUM_CONVERSION = YES;
				CLANG_WARN_INFINITE_RECURSION = YES;
				CLANG_WARN_INT_CONVERSION = YES;
				CLANG_WARN_NON_LITERAL_NULL_CONVERSION = YES;
				CLANG_WARN_OBJC_IMPLICIT_RETAIN_SELF = YES;
				CLANG_WARN_OBJC_LITERAL_CONVERSION = YES;
				CLANG_WARN_OBJC_ROOT_CLASS = YES_ERROR;
				CLANG_WARN_QUOTED_INCLUDE_IN_FRAMEWORK_HEADER = YES;
				CLANG_WARN_RANGE_LOOP_ANALYSIS = YES;
				CLANG_WARN_STRICT_PROTOTYPES = YES;
				CLANG_WARN_SUSPICIOUS_MOVE = YES;
				CLANG_WARN_UNGUARDED_AVAILABILITY = YES_AGGRESSIVE;
				CLANG_WARN_UNREACHABLE_CODE = YES;
				CLANG_WARN__DUPLICATE_METHOD_MATCH = YES;
				COPY_PHASE_STRIP = NO;
				DEBUG_INFORMATION_FORMAT = "dwarf-with-dsym";
				ENABLE_NS_ASSERTIONS = NO;
				ENABLE_STRICT_OBJC_MSGSEND = YES;
				GCC_C_LANGUAGE_STANDARD = gnu11;
				GCC_NO_COMMON_BLOCKS = YES;
				GCC_WARN_64_TO_32_BIT_CONVERSION = YES;
				GCC_WARN_ABOUT_RETURN_TYPE = YES_ERROR;
				GCC_WARN_UNDECLARED_SELECTOR = YES;
				GCC_WARN_UNINITIALIZED_AUTOS = YES_AGGRESSIVE;
				GCC_WARN_UNUSED_FUNCTION = YES;
				GCC_WARN_UNUSED_VARIABLE = YES;
				IPHONEOS_DEPLOYMENT_TARGET = 16.1;
				MTL_ENABLE_DEBUG_INFO = NO;
				MTL_FAST_MATH = YES;
				SDKROOT = iphoneos;
				SWIFT_COMPILATION_MODE = wholemodule;
				SWIFT_OPTIMIZATION_LEVEL = "-O";
				VALIDATE_PRODUCT = YES;
			};
			name = Release;
		};
		5ABBA3B5299C09A800D0E0F4 /* Debug */ = {
			isa = XCBuildConfiguration;
			buildSettings = {
				ASSETCATALOG_COMPILER_APPICON_NAME = AppIcon;
				ASSETCATALOG_COMPILER_GLOBAL_ACCENT_COLOR_NAME = AccentColor;
				CODE_SIGN_STYLE = Automatic;
				CURRENT_PROJECT_VERSION = 1;
				DEVELOPMENT_TEAM = 4K6WBQ6C46;
				GENERATE_INFOPLIST_FILE = YES;
				INFOPLIST_FILE = StorytelClone/Info.plist;
				INFOPLIST_KEY_UIApplicationSupportsIndirectInputEvents = YES;
				INFOPLIST_KEY_UILaunchStoryboardName = LaunchScreen;
				INFOPLIST_KEY_UISupportedInterfaceOrientations_iPad = "UIInterfaceOrientationPortrait UIInterfaceOrientationPortraitUpsideDown UIInterfaceOrientationLandscapeLeft UIInterfaceOrientationLandscapeRight";
				INFOPLIST_KEY_UISupportedInterfaceOrientations_iPhone = "UIInterfaceOrientationPortrait UIInterfaceOrientationLandscapeLeft UIInterfaceOrientationLandscapeRight";
				IPHONEOS_DEPLOYMENT_TARGET = 16.0;
				LD_RUNPATH_SEARCH_PATHS = (
					"$(inherited)",
					"@executable_path/Frameworks",
				);
				MARKETING_VERSION = 1.0;
				PRODUCT_BUNDLE_IDENTIFIER = com.katerynagumenna.StorytelClone;
				PRODUCT_NAME = "$(TARGET_NAME)";
				SWIFT_EMIT_LOC_STRINGS = YES;
				SWIFT_VERSION = 5.0;
				TARGETED_DEVICE_FAMILY = "1,2";
			};
			name = Debug;
		};
		5ABBA3B6299C09A800D0E0F4 /* Release */ = {
			isa = XCBuildConfiguration;
			buildSettings = {
				ASSETCATALOG_COMPILER_APPICON_NAME = AppIcon;
				ASSETCATALOG_COMPILER_GLOBAL_ACCENT_COLOR_NAME = AccentColor;
				CODE_SIGN_STYLE = Automatic;
				CURRENT_PROJECT_VERSION = 1;
				DEVELOPMENT_TEAM = 4K6WBQ6C46;
				GENERATE_INFOPLIST_FILE = YES;
				INFOPLIST_FILE = StorytelClone/Info.plist;
				INFOPLIST_KEY_UIApplicationSupportsIndirectInputEvents = YES;
				INFOPLIST_KEY_UILaunchStoryboardName = LaunchScreen;
				INFOPLIST_KEY_UISupportedInterfaceOrientations_iPad = "UIInterfaceOrientationPortrait UIInterfaceOrientationPortraitUpsideDown UIInterfaceOrientationLandscapeLeft UIInterfaceOrientationLandscapeRight";
				INFOPLIST_KEY_UISupportedInterfaceOrientations_iPhone = "UIInterfaceOrientationPortrait UIInterfaceOrientationLandscapeLeft UIInterfaceOrientationLandscapeRight";
				IPHONEOS_DEPLOYMENT_TARGET = 16.0;
				LD_RUNPATH_SEARCH_PATHS = (
					"$(inherited)",
					"@executable_path/Frameworks",
				);
				MARKETING_VERSION = 1.0;
				PRODUCT_BUNDLE_IDENTIFIER = com.katerynagumenna.StorytelClone;
				PRODUCT_NAME = "$(TARGET_NAME)";
				SWIFT_EMIT_LOC_STRINGS = YES;
				SWIFT_VERSION = 5.0;
				TARGETED_DEVICE_FAMILY = "1,2";
			};
			name = Release;
		};
		5ABBA3B8299C09A800D0E0F4 /* Debug */ = {
			isa = XCBuildConfiguration;
			buildSettings = {
				ALWAYS_EMBED_SWIFT_STANDARD_LIBRARIES = YES;
				BUNDLE_LOADER = "$(TEST_HOST)";
				CODE_SIGN_STYLE = Automatic;
				CURRENT_PROJECT_VERSION = 1;
				DEVELOPMENT_TEAM = 4K6WBQ6C46;
				GENERATE_INFOPLIST_FILE = YES;
				IPHONEOS_DEPLOYMENT_TARGET = 16.1;
				MARKETING_VERSION = 1.0;
				PRODUCT_BUNDLE_IDENTIFIER = com.katerynagumenna.StorytelCloneTests;
				PRODUCT_NAME = "$(TARGET_NAME)";
				SWIFT_EMIT_LOC_STRINGS = NO;
				SWIFT_VERSION = 5.0;
				TARGETED_DEVICE_FAMILY = "1,2";
				TEST_HOST = "$(BUILT_PRODUCTS_DIR)/StorytelClone.app/$(BUNDLE_EXECUTABLE_FOLDER_PATH)/StorytelClone";
			};
			name = Debug;
		};
		5ABBA3B9299C09A800D0E0F4 /* Release */ = {
			isa = XCBuildConfiguration;
			buildSettings = {
				ALWAYS_EMBED_SWIFT_STANDARD_LIBRARIES = YES;
				BUNDLE_LOADER = "$(TEST_HOST)";
				CODE_SIGN_STYLE = Automatic;
				CURRENT_PROJECT_VERSION = 1;
				DEVELOPMENT_TEAM = 4K6WBQ6C46;
				GENERATE_INFOPLIST_FILE = YES;
				IPHONEOS_DEPLOYMENT_TARGET = 16.1;
				MARKETING_VERSION = 1.0;
				PRODUCT_BUNDLE_IDENTIFIER = com.katerynagumenna.StorytelCloneTests;
				PRODUCT_NAME = "$(TARGET_NAME)";
				SWIFT_EMIT_LOC_STRINGS = NO;
				SWIFT_VERSION = 5.0;
				TARGETED_DEVICE_FAMILY = "1,2";
				TEST_HOST = "$(BUILT_PRODUCTS_DIR)/StorytelClone.app/$(BUNDLE_EXECUTABLE_FOLDER_PATH)/StorytelClone";
			};
			name = Release;
		};
		5ABBA3BB299C09A800D0E0F4 /* Debug */ = {
			isa = XCBuildConfiguration;
			buildSettings = {
				ALWAYS_EMBED_SWIFT_STANDARD_LIBRARIES = YES;
				CODE_SIGN_STYLE = Automatic;
				CURRENT_PROJECT_VERSION = 1;
				DEVELOPMENT_TEAM = 4K6WBQ6C46;
				GENERATE_INFOPLIST_FILE = YES;
				MARKETING_VERSION = 1.0;
				PRODUCT_BUNDLE_IDENTIFIER = com.katerynagumenna.StorytelCloneUITests;
				PRODUCT_NAME = "$(TARGET_NAME)";
				SWIFT_EMIT_LOC_STRINGS = NO;
				SWIFT_VERSION = 5.0;
				TARGETED_DEVICE_FAMILY = "1,2";
				TEST_TARGET_NAME = StorytelClone;
			};
			name = Debug;
		};
		5ABBA3BC299C09A800D0E0F4 /* Release */ = {
			isa = XCBuildConfiguration;
			buildSettings = {
				ALWAYS_EMBED_SWIFT_STANDARD_LIBRARIES = YES;
				CODE_SIGN_STYLE = Automatic;
				CURRENT_PROJECT_VERSION = 1;
				DEVELOPMENT_TEAM = 4K6WBQ6C46;
				GENERATE_INFOPLIST_FILE = YES;
				MARKETING_VERSION = 1.0;
				PRODUCT_BUNDLE_IDENTIFIER = com.katerynagumenna.StorytelCloneUITests;
				PRODUCT_NAME = "$(TARGET_NAME)";
				SWIFT_EMIT_LOC_STRINGS = NO;
				SWIFT_VERSION = 5.0;
				TARGETED_DEVICE_FAMILY = "1,2";
				TEST_TARGET_NAME = StorytelClone;
			};
			name = Release;
		};
/* End XCBuildConfiguration section */

/* Begin XCConfigurationList section */
		5ABBA382299C09A600D0E0F4 /* Build configuration list for PBXProject "StorytelClone" */ = {
			isa = XCConfigurationList;
			buildConfigurations = (
				5ABBA3B2299C09A800D0E0F4 /* Debug */,
				5ABBA3B3299C09A800D0E0F4 /* Release */,
			);
			defaultConfigurationIsVisible = 0;
			defaultConfigurationName = Release;
		};
		5ABBA3B4299C09A800D0E0F4 /* Build configuration list for PBXNativeTarget "StorytelClone" */ = {
			isa = XCConfigurationList;
			buildConfigurations = (
				5ABBA3B5299C09A800D0E0F4 /* Debug */,
				5ABBA3B6299C09A800D0E0F4 /* Release */,
			);
			defaultConfigurationIsVisible = 0;
			defaultConfigurationName = Release;
		};
		5ABBA3B7299C09A800D0E0F4 /* Build configuration list for PBXNativeTarget "StorytelCloneTests" */ = {
			isa = XCConfigurationList;
			buildConfigurations = (
				5ABBA3B8299C09A800D0E0F4 /* Debug */,
				5ABBA3B9299C09A800D0E0F4 /* Release */,
			);
			defaultConfigurationIsVisible = 0;
			defaultConfigurationName = Release;
		};
		5ABBA3BA299C09A800D0E0F4 /* Build configuration list for PBXNativeTarget "StorytelCloneUITests" */ = {
			isa = XCConfigurationList;
			buildConfigurations = (
				5ABBA3BB299C09A800D0E0F4 /* Debug */,
				5ABBA3BC299C09A800D0E0F4 /* Release */,
			);
			defaultConfigurationIsVisible = 0;
			defaultConfigurationName = Release;
		};
/* End XCConfigurationList section */

/* Begin XCVersionGroup section */
		5ABBA393299C09A700D0E0F4 /* StorytelClone.xcdatamodeld */ = {
			isa = XCVersionGroup;
			children = (
				5ABBA394299C09A700D0E0F4 /* StorytelClone.xcdatamodel */,
			);
			currentVersion = 5ABBA394299C09A700D0E0F4 /* StorytelClone.xcdatamodel */;
			path = StorytelClone.xcdatamodeld;
			sourceTree = "<group>";
			versionGroupType = wrapper.xcdatamodel;
		};
/* End XCVersionGroup section */
	};
	rootObject = 5ABBA37F299C09A600D0E0F4 /* Project object */;
}
